PODS:
  - Hero (1.2.0)
  - SwiftySuncalc (1.0.1)

DEPENDENCIES:
  - Hero (~> 1.2)
  - SwiftySuncalc (~> 1.0.1)

SPEC REPOS:
  https://github.com/cocoapods/specs.git:
    - Hero
    - SwiftySuncalc

SPEC CHECKSUMS:
  Hero: 33dadf2cd1c98af71e213dcbc2902e6e03622a4e
  SwiftySuncalc: dd6a8b7886cb047056fefecf9c2fe7de7c1d93df

PODFILE CHECKSUM: d9edd495665b917843c2451b79bf2f3e251a5b31

COCOAPODS: 1.5.3
