// !$*UTF8*$!
{
	archiveVersion = 1;
	classes = {
	};
	objectVersion = 48;
	objects = {

/* Begin PBXBuildFile section */
		0222D929204E05ED0067EC35 /* Solar.swift in Sources */ = {isa = PBXBuildFile; fileRef = 0222D928204E05ED0067EC35 /* Solar.swift */; };
		5217E64E209283CD00FA9A69 /* PhysicalTimeSuncalc.swift in Sources */ = {isa = PBXBuildFile; fileRef = 5217E64D209283CD00FA9A69 /* PhysicalTimeSuncalc.swift */; };
		5D16BBCF20B6883100E0252F /* wadokeiFace.swift in Sources */ = {isa = PBXBuildFile; fileRef = 5D16BBCE20B6883100E0252F /* wadokeiFace.swift */; };
		5D16BBD120B6885E00E0252F /* WadokeiViewController.swift in Sources */ = {isa = PBXBuildFile; fileRef = 5D16BBD020B6885E00E0252F /* WadokeiViewController.swift */; };
		5D16BBD320B688DD00E0252F /* LunarViewController.swift in Sources */ = {isa = PBXBuildFile; fileRef = 5D16BBD220B688DD00E0252F /* LunarViewController.swift */; };
		5D3BC88520453FD100DA51F3 /* clockFace.swift in Sources */ = {isa = PBXBuildFile; fileRef = 5D3BC88420453FD100DA51F3 /* clockFace.swift */; };
		5D4ECDA1209CD90B000F75E6 /* FeatureViewController.swift in Sources */ = {isa = PBXBuildFile; fileRef = 5D4ECDA0209CD90B000F75E6 /* FeatureViewController.swift */; };
		5D4ECDA3209CDBA1000F75E6 /* changeBackground.swift in Sources */ = {isa = PBXBuildFile; fileRef = 5D4ECDA2209CDBA1000F75E6 /* changeBackground.swift */; };
		5D83A5392055C34100BFAE08 /* SettingsViewController.swift in Sources */ = {isa = PBXBuildFile; fileRef = 5D83A5382055C34100BFAE08 /* SettingsViewController.swift */; };
		5D9576532044A4A3004760D4 /* handFormulas.swift in Sources */ = {isa = PBXBuildFile; fileRef = 5D9576522044A4A3004760D4 /* handFormulas.swift */; };
		5DE0B91E2080761D00607D4C /* WelcomeView.swift in Sources */ = {isa = PBXBuildFile; fileRef = 5DE0B91D2080761D00607D4C /* WelcomeView.swift */; };
		5DE0B9202080782100607D4C /* MenuView.swift in Sources */ = {isa = PBXBuildFile; fileRef = 5DE0B91F2080782100607D4C /* MenuView.swift */; };
		5DF847382038F4F5007E7322 /* AppDelegate.swift in Sources */ = {isa = PBXBuildFile; fileRef = 5DF847372038F4F5007E7322 /* AppDelegate.swift */; };
		5DF8473A2038F4F5007E7322 /* ViewController.swift in Sources */ = {isa = PBXBuildFile; fileRef = 5DF847392038F4F5007E7322 /* ViewController.swift */; };
		5DF8473D2038F4F5007E7322 /* Main.storyboard in Resources */ = {isa = PBXBuildFile; fileRef = 5DF8473B2038F4F5007E7322 /* Main.storyboard */; };
		5DF8473F2038F4F5007E7322 /* Assets.xcassets in Resources */ = {isa = PBXBuildFile; fileRef = 5DF8473E2038F4F5007E7322 /* Assets.xcassets */; };
		5DF847422038F4F5007E7322 /* LaunchScreen.storyboard in Resources */ = {isa = PBXBuildFile; fileRef = 5DF847402038F4F5007E7322 /* LaunchScreen.storyboard */; };
		9CF4710820B3422700076239 /* InOut.swift in Sources */ = {isa = PBXBuildFile; fileRef = 9CF4710720B3422700076239 /* InOut.swift */; };
/* End PBXBuildFile section */

/* Begin PBXFileReference section */
		0222D928204E05ED0067EC35 /* Solar.swift */ = {isa = PBXFileReference; lastKnownFileType = sourcecode.swift; path = Solar.swift; sourceTree = "<group>"; };
		5217E64D209283CD00FA9A69 /* PhysicalTimeSuncalc.swift */ = {isa = PBXFileReference; lastKnownFileType = sourcecode.swift; path = PhysicalTimeSuncalc.swift; sourceTree = "<group>"; };
		5D16BBCE20B6883100E0252F /* wadokeiFace.swift */ = {isa = PBXFileReference; lastKnownFileType = sourcecode.swift; path = wadokeiFace.swift; sourceTree = "<group>"; };
		5D16BBD020B6885E00E0252F /* WadokeiViewController.swift */ = {isa = PBXFileReference; lastKnownFileType = sourcecode.swift; path = WadokeiViewController.swift; sourceTree = "<group>"; };
		5D16BBD220B688DD00E0252F /* LunarViewController.swift */ = {isa = PBXFileReference; lastKnownFileType = sourcecode.swift; path = LunarViewController.swift; sourceTree = "<group>"; };
		5D3BC88420453FD100DA51F3 /* clockFace.swift */ = {isa = PBXFileReference; lastKnownFileType = sourcecode.swift; path = clockFace.swift; sourceTree = "<group>"; };
		5D4ECDA0209CD90B000F75E6 /* FeatureViewController.swift */ = {isa = PBXFileReference; lastKnownFileType = sourcecode.swift; path = FeatureViewController.swift; sourceTree = "<group>"; };
		5D4ECDA2209CDBA1000F75E6 /* changeBackground.swift */ = {isa = PBXFileReference; lastKnownFileType = sourcecode.swift; path = changeBackground.swift; sourceTree = "<group>"; };
		5D83A5382055C34100BFAE08 /* SettingsViewController.swift */ = {isa = PBXFileReference; lastKnownFileType = sourcecode.swift; path = SettingsViewController.swift; sourceTree = "<group>"; };
		5D9576522044A4A3004760D4 /* handFormulas.swift */ = {isa = PBXFileReference; lastKnownFileType = sourcecode.swift; path = handFormulas.swift; sourceTree = "<group>"; };
		5DE0B91D2080761D00607D4C /* WelcomeView.swift */ = {isa = PBXFileReference; lastKnownFileType = sourcecode.swift; path = WelcomeView.swift; sourceTree = "<group>"; };
		5DE0B91F2080782100607D4C /* MenuView.swift */ = {isa = PBXFileReference; lastKnownFileType = sourcecode.swift; path = MenuView.swift; sourceTree = "<group>"; };
		5DF847342038F4F5007E7322 /* Physical_Time_Analog_Clock.app */ = {isa = PBXFileReference; explicitFileType = wrapper.application; includeInIndex = 0; path = Physical_Time_Analog_Clock.app; sourceTree = BUILT_PRODUCTS_DIR; };
		5DF847372038F4F5007E7322 /* AppDelegate.swift */ = {isa = PBXFileReference; lastKnownFileType = sourcecode.swift; path = AppDelegate.swift; sourceTree = "<group>"; };
		5DF847392038F4F5007E7322 /* ViewController.swift */ = {isa = PBXFileReference; lastKnownFileType = sourcecode.swift; path = ViewController.swift; sourceTree = "<group>"; };
		5DF8473C2038F4F5007E7322 /* Base */ = {isa = PBXFileReference; lastKnownFileType = file.storyboard; name = Base; path = Base.lproj/Main.storyboard; sourceTree = "<group>"; };
		5DF8473E2038F4F5007E7322 /* Assets.xcassets */ = {isa = PBXFileReference; lastKnownFileType = folder.assetcatalog; path = Assets.xcassets; sourceTree = "<group>"; };
		5DF847412038F4F5007E7322 /* Base */ = {isa = PBXFileReference; lastKnownFileType = file.storyboard; name = Base; path = Base.lproj/LaunchScreen.storyboard; sourceTree = "<group>"; };
		5DF847432038F4F5007E7322 /* Info.plist */ = {isa = PBXFileReference; lastKnownFileType = text.plist.xml; path = Info.plist; sourceTree = "<group>"; };
		9CF4710720B3422700076239 /* InOut.swift */ = {isa = PBXFileReference; fileEncoding = 4; lastKnownFileType = sourcecode.swift; path = InOut.swift; sourceTree = "<group>"; };
/* End PBXFileReference section */

/* Begin PBXFrameworksBuildPhase section */
		5DF847312038F4F5007E7322 /* Frameworks */ = {
			isa = PBXFrameworksBuildPhase;
			buildActionMask = 2147483647;
			files = (
			);
			runOnlyForDeploymentPostprocessing = 0;
		};
/* End PBXFrameworksBuildPhase section */

/* Begin PBXGroup section */
		5DF8472B2038F4F4007E7322 = {
			isa = PBXGroup;
			children = (
				5DF847362038F4F5007E7322 /* Physical_Time_Analog_Clock */,
				5DF847352038F4F5007E7322 /* Products */,
			);
			sourceTree = "<group>";
		};
		5DF847352038F4F5007E7322 /* Products */ = {
			isa = PBXGroup;
			children = (
				5DF847342038F4F5007E7322 /* Physical_Time_Analog_Clock.app */,
			);
			name = Products;
			sourceTree = "<group>";
		};
		5DF847362038F4F5007E7322 /* Physical_Time_Analog_Clock */ = {
			isa = PBXGroup;
			children = (
				9CF4710720B3422700076239 /* InOut.swift */,
				5DF847372038F4F5007E7322 /* AppDelegate.swift */,
				5DE0B91D2080761D00607D4C /* WelcomeView.swift */,
				5DE0B91F2080782100607D4C /* MenuView.swift */,
				5DF847392038F4F5007E7322 /* ViewController.swift */,
				5D3BC88420453FD100DA51F3 /* clockFace.swift */,
				5D83A5382055C34100BFAE08 /* SettingsViewController.swift */,
				5D4ECDA2209CDBA1000F75E6 /* changeBackground.swift */,
				5D4ECDA0209CD90B000F75E6 /* FeatureViewController.swift */,
				5D9576522044A4A3004760D4 /* handFormulas.swift */,
				5D16BBD020B6885E00E0252F /* WadokeiViewController.swift */,
				5D16BBCE20B6883100E0252F /* wadokeiFace.swift */,
				5DF8473B2038F4F5007E7322 /* Main.storyboard */,
				5DF8473E2038F4F5007E7322 /* Assets.xcassets */,
				5DF847402038F4F5007E7322 /* LaunchScreen.storyboard */,
				5DF847432038F4F5007E7322 /* Info.plist */,
				0222D928204E05ED0067EC35 /* Solar.swift */,
				5217E64D209283CD00FA9A69 /* PhysicalTimeSuncalc.swift */,
				5D16BBD220B688DD00E0252F /* LunarViewController.swift */,
			);
			path = Physical_Time_Analog_Clock;
			sourceTree = "<group>";
		};
/* End PBXGroup section */

/* Begin PBXNativeTarget section */
		5DF847332038F4F5007E7322 /* Physical_Time_Analog_Clock */ = {
			isa = PBXNativeTarget;
			buildConfigurationList = 5DF847462038F4F5007E7322 /* Build configuration list for PBXNativeTarget "Physical_Time_Analog_Clock" */;
			buildPhases = (
				5DF847302038F4F5007E7322 /* Sources */,
				5DF847312038F4F5007E7322 /* Frameworks */,
				5DF847322038F4F5007E7322 /* Resources */,
			);
			buildRules = (
			);
			dependencies = (
			);
			name = Physical_Time_Analog_Clock;
			productName = Physical_Time_Analog_Clock;
			productReference = 5DF847342038F4F5007E7322 /* Physical_Time_Analog_Clock.app */;
			productType = "com.apple.product-type.application";
		};
/* End PBXNativeTarget section */

/* Begin PBXProject section */
		5DF8472C2038F4F5007E7322 /* Project object */ = {
			isa = PBXProject;
			attributes = {
				LastSwiftUpdateCheck = 0920;
				LastUpgradeCheck = 0920;
				ORGANIZATIONNAME = "Xi Stephen Ouyang";
				TargetAttributes = {
					5DF847332038F4F5007E7322 = {
						CreatedOnToolsVersion = 9.2;
						ProvisioningStyle = Automatic;
					};
				};
			};
			buildConfigurationList = 5DF8472F2038F4F5007E7322 /* Build configuration list for PBXProject "Physical_Time_Analog_Clock" */;
			compatibilityVersion = "Xcode 8.0";
			developmentRegion = en;
			hasScannedForEncodings = 0;
			knownRegions = (
				en,
				Base,
			);
			mainGroup = 5DF8472B2038F4F4007E7322;
			productRefGroup = 5DF847352038F4F5007E7322 /* Products */;
			projectDirPath = "";
			projectRoot = "";
			targets = (
				5DF847332038F4F5007E7322 /* Physical_Time_Analog_Clock */,
			);
		};
/* End PBXProject section */

/* Begin PBXResourcesBuildPhase section */
		5DF847322038F4F5007E7322 /* Resources */ = {
			isa = PBXResourcesBuildPhase;
			buildActionMask = 2147483647;
			files = (
				5DF847422038F4F5007E7322 /* LaunchScreen.storyboard in Resources */,
				5DF8473F2038F4F5007E7322 /* Assets.xcassets in Resources */,
				5DF8473D2038F4F5007E7322 /* Main.storyboard in Resources */,
			);
			runOnlyForDeploymentPostprocessing = 0;
		};
/* End PBXResourcesBuildPhase section */

/* Begin PBXSourcesBuildPhase section */
		5DF847302038F4F5007E7322 /* Sources */ = {
			isa = PBXSourcesBuildPhase;
			buildActionMask = 2147483647;
			files = (
				5DF8473A2038F4F5007E7322 /* ViewController.swift in Sources */,
				5D4ECDA3209CDBA1000F75E6 /* changeBackground.swift in Sources */,
				5DE0B9202080782100607D4C /* MenuView.swift in Sources */,
				5D16BBD320B688DD00E0252F /* LunarViewController.swift in Sources */,
				5D3BC88520453FD100DA51F3 /* clockFace.swift in Sources */,
				5D9576532044A4A3004760D4 /* handFormulas.swift in Sources */,
				0222D929204E05ED0067EC35 /* Solar.swift in Sources */,
				5D16BBD120B6885E00E0252F /* WadokeiViewController.swift in Sources */,
				5DF847382038F4F5007E7322 /* AppDelegate.swift in Sources */,
				9CF4710820B3422700076239 /* InOut.swift in Sources */,
				5D16BBCF20B6883100E0252F /* wadokeiFace.swift in Sources */,
				5D83A5392055C34100BFAE08 /* SettingsViewController.swift in Sources */,
				5D4ECDA1209CD90B000F75E6 /* FeatureViewController.swift in Sources */,
				5217E64E209283CD00FA9A69 /* PhysicalTimeSuncalc.swift in Sources */,
				5DE0B91E2080761D00607D4C /* WelcomeView.swift in Sources */,
			);
			runOnlyForDeploymentPostprocessing = 0;
		};
/* End PBXSourcesBuildPhase section */

/* Begin PBXVariantGroup section */
		5DF8473B2038F4F5007E7322 /* Main.storyboard */ = {
			isa = PBXVariantGroup;
			children = (
				5DF8473C2038F4F5007E7322 /* Base */,
			);
			name = Main.storyboard;
			sourceTree = "<group>";
		};
		5DF847402038F4F5007E7322 /* LaunchScreen.storyboard */ = {
			isa = PBXVariantGroup;
			children = (
				5DF847412038F4F5007E7322 /* Base */,
			);
			name = LaunchScreen.storyboard;
			sourceTree = "<group>";
		};
/* End PBXVariantGroup section */

/* Begin XCBuildConfiguration section */
		5DF847442038F4F5007E7322 /* Debug */ = {
			isa = XCBuildConfiguration;
			buildSettings = {
				ALWAYS_SEARCH_USER_PATHS = NO;
				CLANG_ANALYZER_NONNULL = YES;
				CLANG_ANALYZER_NUMBER_OBJECT_CONVERSION = YES_AGGRESSIVE;
				CLANG_CXX_LANGUAGE_STANDARD = "gnu++14";
				CLANG_CXX_LIBRARY = "libc++";
				CLANG_ENABLE_MODULES = YES;
				CLANG_ENABLE_OBJC_ARC = YES;
				CLANG_WARN_BLOCK_CAPTURE_AUTORELEASING = YES;
				CLANG_WARN_BOOL_CONVERSION = YES;
				CLANG_WARN_COMMA = YES;
				CLANG_WARN_CONSTANT_CONVERSION = YES;
				CLANG_WARN_DIRECT_OBJC_ISA_USAGE = YES_ERROR;
				CLANG_WARN_DOCUMENTATION_COMMENTS = YES;
				CLANG_WARN_EMPTY_BODY = YES;
				CLANG_WARN_ENUM_CONVERSION = YES;
				CLANG_WARN_INFINITE_RECURSION = YES;
				CLANG_WARN_INT_CONVERSION = YES;
				CLANG_WARN_NON_LITERAL_NULL_CONVERSION = YES;
				CLANG_WARN_OBJC_LITERAL_CONVERSION = YES;
				CLANG_WARN_OBJC_ROOT_CLASS = YES_ERROR;
				CLANG_WARN_RANGE_LOOP_ANALYSIS = YES;
				CLANG_WARN_STRICT_PROTOTYPES = YES;
				CLANG_WARN_SUSPICIOUS_MOVE = YES;
				CLANG_WARN_UNGUARDED_AVAILABILITY = YES_AGGRESSIVE;
				CLANG_WARN_UNREACHABLE_CODE = YES;
				CLANG_WARN__DUPLICATE_METHOD_MATCH = YES;
				CODE_SIGN_IDENTITY = "iPhone Developer";
				COPY_PHASE_STRIP = NO;
				DEBUG_INFORMATION_FORMAT = dwarf;
				ENABLE_STRICT_OBJC_MSGSEND = YES;
				ENABLE_TESTABILITY = YES;
				GCC_C_LANGUAGE_STANDARD = gnu11;
				GCC_DYNAMIC_NO_PIC = NO;
				GCC_NO_COMMON_BLOCKS = YES;
				GCC_OPTIMIZATION_LEVEL = 0;
				GCC_PREPROCESSOR_DEFINITIONS = (
					"DEBUG=1",
					"$(inherited)",
				);
				GCC_WARN_64_TO_32_BIT_CONVERSION = YES;
				GCC_WARN_ABOUT_RETURN_TYPE = YES_ERROR;
				GCC_WARN_UNDECLARED_SELECTOR = YES;
				GCC_WARN_UNINITIALIZED_AUTOS = YES_AGGRESSIVE;
				GCC_WARN_UNUSED_FUNCTION = YES;
				GCC_WARN_UNUSED_VARIABLE = YES;
				IPHONEOS_DEPLOYMENT_TARGET = 11.2;
				MTL_ENABLE_DEBUG_INFO = YES;
				ONLY_ACTIVE_ARCH = YES;
				SDKROOT = iphoneos;
				SWIFT_ACTIVE_COMPILATION_CONDITIONS = DEBUG;
				SWIFT_OPTIMIZATION_LEVEL = "-Onone";
			};
			name = Debug;
		};
		5DF847452038F4F5007E7322 /* Release */ = {
			isa = XCBuildConfiguration;
			buildSettings = {
				ALWAYS_SEARCH_USER_PATHS = NO;
				CLANG_ANALYZER_NONNULL = YES;
				CLANG_ANALYZER_NUMBER_OBJECT_CONVERSION = YES_AGGRESSIVE;
				CLANG_CXX_LANGUAGE_STANDARD = "gnu++14";
				CLANG_CXX_LIBRARY = "libc++";
				CLANG_ENABLE_MODULES = YES;
				CLANG_ENABLE_OBJC_ARC = YES;
				CLANG_WARN_BLOCK_CAPTURE_AUTORELEASING = YES;
				CLANG_WARN_BOOL_CONVERSION = YES;
				CLANG_WARN_COMMA = YES;
				CLANG_WARN_CONSTANT_CONVERSION = YES;
				CLANG_WARN_DIRECT_OBJC_ISA_USAGE = YES_ERROR;
				CLANG_WARN_DOCUMENTATION_COMMENTS = YES;
				CLANG_WARN_EMPTY_BODY = YES;
				CLANG_WARN_ENUM_CONVERSION = YES;
				CLANG_WARN_INFINITE_RECURSION = YES;
				CLANG_WARN_INT_CONVERSION = YES;
				CLANG_WARN_NON_LITERAL_NULL_CONVERSION = YES;
				CLANG_WARN_OBJC_LITERAL_CONVERSION = YES;
				CLANG_WARN_OBJC_ROOT_CLASS = YES_ERROR;
				CLANG_WARN_RANGE_LOOP_ANALYSIS = YES;
				CLANG_WARN_STRICT_PROTOTYPES = YES;
				CLANG_WARN_SUSPICIOUS_MOVE = YES;
				CLANG_WARN_UNGUARDED_AVAILABILITY = YES_AGGRESSIVE;
				CLANG_WARN_UNREACHABLE_CODE = YES;
				CLANG_WARN__DUPLICATE_METHOD_MATCH = YES;
				CODE_SIGN_IDENTITY = "iPhone Developer";
				COPY_PHASE_STRIP = NO;
				DEBUG_INFORMATION_FORMAT = "dwarf-with-dsym";
				ENABLE_NS_ASSERTIONS = NO;
				ENABLE_STRICT_OBJC_MSGSEND = YES;
				GCC_C_LANGUAGE_STANDARD = gnu11;
				GCC_NO_COMMON_BLOCKS = YES;
				GCC_WARN_64_TO_32_BIT_CONVERSION = YES;
				GCC_WARN_ABOUT_RETURN_TYPE = YES_ERROR;
				GCC_WARN_UNDECLARED_SELECTOR = YES;
				GCC_WARN_UNINITIALIZED_AUTOS = YES_AGGRESSIVE;
				GCC_WARN_UNUSED_FUNCTION = YES;
				GCC_WARN_UNUSED_VARIABLE = YES;
				IPHONEOS_DEPLOYMENT_TARGET = 11.2;
				MTL_ENABLE_DEBUG_INFO = NO;
				SDKROOT = iphoneos;
				SWIFT_OPTIMIZATION_LEVEL = "-Owholemodule";
				VALIDATE_PRODUCT = YES;
			};
			name = Release;
		};
		5DF847472038F4F5007E7322 /* Debug */ = {
			isa = XCBuildConfiguration;
			buildSettings = {
				ASSETCATALOG_COMPILER_APPICON_NAME = AppIcon;
				CODE_SIGN_STYLE = Automatic;
				DEVELOPMENT_TEAM = R7Y8QKEC95;
				INFOPLIST_FILE = Physical_Time_Analog_Clock/Info.plist;
				LD_RUNPATH_SEARCH_PATHS = "$(inherited) @executable_path/Frameworks";
				PRODUCT_BUNDLE_IDENTIFIER = "com.Physical-Time-Analog-Clock";
				PRODUCT_NAME = "$(TARGET_NAME)";
				SWIFT_VERSION = 4.0;
				TARGETED_DEVICE_FAMILY = "1,2";
			};
			name = Debug;
		};
		5DF847482038F4F5007E7322 /* Release */ = {
			isa = XCBuildConfiguration;
			buildSettings = {
				ASSETCATALOG_COMPILER_APPICON_NAME = AppIcon;
				CODE_SIGN_STYLE = Automatic;
				DEVELOPMENT_TEAM = R7Y8QKEC95;
				INFOPLIST_FILE = Physical_Time_Analog_Clock/Info.plist;
				LD_RUNPATH_SEARCH_PATHS = "$(inherited) @executable_path/Frameworks";
				PRODUCT_BUNDLE_IDENTIFIER = "com.Physical-Time-Analog-Clock";
				PRODUCT_NAME = "$(TARGET_NAME)";
				SWIFT_VERSION = 4.0;
				TARGETED_DEVICE_FAMILY = "1,2";
			};
			name = Release;
		};
/* End XCBuildConfiguration section */

/* Begin XCConfigurationList section */
		5DF8472F2038F4F5007E7322 /* Build configuration list for PBXProject "Physical_Time_Analog_Clock" */ = {
			isa = XCConfigurationList;
			buildConfigurations = (
				5DF847442038F4F5007E7322 /* Debug */,
				5DF847452038F4F5007E7322 /* Release */,
			);
			defaultConfigurationIsVisible = 0;
			defaultConfigurationName = Release;
		};
		5DF847462038F4F5007E7322 /* Build configuration list for PBXNativeTarget "Physical_Time_Analog_Clock" */ = {
			isa = XCConfigurationList;
			buildConfigurations = (
				5DF847472038F4F5007E7322 /* Debug */,
				5DF847482038F4F5007E7322 /* Release */,
			);
			defaultConfigurationIsVisible = 0;
			defaultConfigurationName = Release;
		};
/* End XCConfigurationList section */
	};
	rootObject = 5DF8472C2038F4F5007E7322 /* Project object */;
}
